
Microsoft Visual Studio Solution File, Format Version 12.00
# Visual Studio Version 16
VisualStudioVersion = 16.0.30011.22
MinimumVisualStudioVersion = 10.0.40219.1
Project("{9A19103F-16F7-4668-BE54-9A1E7A4F7556}") = "UserCredentialsValidator.ClientApp", "UserCredentialsValidator.ClientApp\UserCredentialsValidator.ClientApp.csproj", "{B1332018-10E2-4332-9F5C-5B5F4B370689}"
EndProject
Project("{9A19103F-16F7-4668-BE54-9A1E7A4F7556}") = "UserCredentialsValidator.AzureAPI", "UserCredentialsValidator.AzureAPI\UserCredentialsValidator.AzureAPI.csproj", "{E8985845-1F08-46D6-87C0-94580C95A1FA}"
EndProject
Project("{9A19103F-16F7-4668-BE54-9A1E7A4F7556}") = "UserCredentialsValidator.LoggingService", "UserCredentialsValidator.LoggingService\UserCredentialsValidator.LoggingService.csproj", "{A0630DD6-047A-494C-9272-F8DE2D09FAE1}"
EndProject
Project("{9A19103F-16F7-4668-BE54-9A1E7A4F7556}") = "UserCredentialsValidator.SharedResources", "UserCredentialsValidator.SharedResources\UserCredentialsValidator.SharedResources.csproj", "{86935947-F87F-456C-AE25-8C163CE3B30A}"
EndProject
Project("{FAE04EC0-301F-11D3-BF4B-00C04F79EFBC}") = "UserCredentialsValidator.ClientAppTests", "UserCredentialsValidator.ClientAppTests\UserCredentialsValidator.ClientAppTests.csproj", "{AD831467-BEE5-4920-A982-04F894A8E0A1}"
EndProject
Global
	GlobalSection(SolutionConfigurationPlatforms) = preSolution
		Debug|Any CPU = Debug|Any CPU
		Release|Any CPU = Release|Any CPU
	EndGlobalSection
	GlobalSection(ProjectConfigurationPlatforms) = postSolution
		{B1332018-10E2-4332-9F5C-5B5F4B370689}.Debug|Any CPU.ActiveCfg = Debug|Any CPU
		{B1332018-10E2-4332-9F5C-5B5F4B370689}.Debug|Any CPU.Build.0 = Debug|Any CPU
		{B1332018-10E2-4332-9F5C-5B5F4B370689}.Release|Any CPU.ActiveCfg = Release|Any CPU
		{B1332018-10E2-4332-9F5C-5B5F4B370689}.Release|Any CPU.Build.0 = Release|Any CPU
		{E8985845-1F08-46D6-87C0-94580C95A1FA}.Debug|Any CPU.ActiveCfg = Debug|Any CPU
		{E8985845-1F08-46D6-87C0-94580C95A1FA}.Debug|Any CPU.Build.0 = Debug|Any CPU
		{E8985845-1F08-46D6-87C0-94580C95A1FA}.Release|Any CPU.ActiveCfg = Release|Any CPU
		{E8985845-1F08-46D6-87C0-94580C95A1FA}.Release|Any CPU.Build.0 = Release|Any CPU
		{A0630DD6-047A-494C-9272-F8DE2D09FAE1}.Debug|Any CPU.ActiveCfg = Debug|Any CPU
		{A0630DD6-047A-494C-9272-F8DE2D09FAE1}.Debug|Any CPU.Build.0 = Debug|Any CPU
		{A0630DD6-047A-494C-9272-F8DE2D09FAE1}.Release|Any CPU.ActiveCfg = Release|Any CPU
		{A0630DD6-047A-494C-9272-F8DE2D09FAE1}.Release|Any CPU.Build.0 = Release|Any CPU
		{86935947-F87F-456C-AE25-8C163CE3B30A}.Debug|Any CPU.ActiveCfg = Debug|Any CPU
		{86935947-F87F-456C-AE25-8C163CE3B30A}.Debug|Any CPU.Build.0 = Debug|Any CPU
		{86935947-F87F-456C-AE25-8C163CE3B30A}.Release|Any CPU.ActiveCfg = Release|Any CPU
		{86935947-F87F-456C-AE25-8C163CE3B30A}.Release|Any CPU.Build.0 = Release|Any CPU
		{AD831467-BEE5-4920-A982-04F894A8E0A1}.Debug|Any CPU.ActiveCfg = Debug|Any CPU
		{AD831467-BEE5-4920-A982-04F894A8E0A1}.Debug|Any CPU.Build.0 = Debug|Any CPU
		{AD831467-BEE5-4920-A982-04F894A8E0A1}.Release|Any CPU.ActiveCfg = Release|Any CPU
		{AD831467-BEE5-4920-A982-04F894A8E0A1}.Release|Any CPU.Build.0 = Release|Any CPU
	EndGlobalSection
	GlobalSection(SolutionProperties) = preSolution
		HideSolutionNode = FALSE
	EndGlobalSection
	GlobalSection(ExtensibilityGlobals) = postSolution
		SolutionGuid = {F86FDA07-9951-4AD8-ADA9-61AFDEE22AA9}
	EndGlobalSection
EndGlobal
